
Microsoft Visual Studio Solution File, Format Version 12.00
# Visual Studio Version 16
VisualStudioVersion = 16.0.32106.194
MinimumVisualStudioVersion = 10.0.40219.1
Project("{9A19103F-16F7-4668-BE54-9A1E7A4F7556}") = "InscryptionVRMod", "InscryptionVRMod\InscryptionVRMod.csproj", "{2BEA01D2-DBBE-4B46-96B2-E140A6E595BA}"
EndProject
Global
	GlobalSection(SolutionConfigurationPlatforms) = preSolution
		Debug|Any CPU = Debug|Any CPU
		Release|Any CPU = Release|Any CPU
	EndGlobalSection
	GlobalSection(ProjectConfigurationPlatforms) = postSolution
		{2BEA01D2-DBBE-4B46-96B2-E140A6E595BA}.Debug|Any CPU.ActiveCfg = Debug|Any CPU
		{2BEA01D2-DBBE-4B46-96B2-E140A6E595BA}.Debug|Any CPU.Build.0 = Debug|Any CPU
		{2BEA01D2-DBBE-4B46-96B2-E140A6E595BA}.Release|Any CPU.ActiveCfg = Release|Any CPU
		{2BEA01D2-DBBE-4B46-96B2-E140A6E595BA}.Release|Any CPU.Build.0 = Release|Any CPU
	EndGlobalSection
	GlobalSection(SolutionProperties) = preSolution
		HideSolutionNode = FALSE
	EndGlobalSection
	GlobalSection(ExtensibilityGlobals) = postSolution
		SolutionGuid = {E3C4A5A6-0D3F-468E-8FD5-44E81189AB70}
	EndGlobalSection
EndGlobal
